// !$*UTF8*$!
{
	archiveVersion = 1;
	classes = {
	};
	objectVersion = 46;
	objects = {

/* Begin PBXBuildFile section */
		481EAFAB1DAC6D3F00695C0E /* AppDelegate.swift in Sources */ = {isa = PBXBuildFile; fileRef = 481EAFAA1DAC6D3F00695C0E /* AppDelegate.swift */; };
		481EAFB01DAC6D3F00695C0E /* Main.storyboard in Resources */ = {isa = PBXBuildFile; fileRef = 481EAFAE1DAC6D3F00695C0E /* Main.storyboard */; };
		481EAFB21DAC6D3F00695C0E /* Assets.xcassets in Resources */ = {isa = PBXBuildFile; fileRef = 481EAFB11DAC6D3F00695C0E /* Assets.xcassets */; };
		481EAFB51DAC6D3F00695C0E /* LaunchScreen.storyboard in Resources */ = {isa = PBXBuildFile; fileRef = 481EAFB31DAC6D3F00695C0E /* LaunchScreen.storyboard */; };
		481EAFBD1DAC6F4A00695C0E /* FriendListViewController.swift in Sources */ = {isa = PBXBuildFile; fileRef = 481EAFBC1DAC6F4A00695C0E /* FriendListViewController.swift */; };
		487D22FA1DBC0E10004278CF /* FriendDetailViewController.swift in Sources */ = {isa = PBXBuildFile; fileRef = 487D22F91DBC0E10004278CF /* FriendDetailViewController.swift */; };
/* End PBXBuildFile section */

/* Begin PBXFileReference section */
		481EAFA71DAC6D3F00695C0E /* Friendbook.app */ = {isa = PBXFileReference; explicitFileType = wrapper.application; includeInIndex = 0; path = Friendbook.app; sourceTree = BUILT_PRODUCTS_DIR; };
		481EAFAA1DAC6D3F00695C0E /* AppDelegate.swift */ = {isa = PBXFileReference; lastKnownFileType = sourcecode.swift; path = AppDelegate.swift; sourceTree = "<group>"; };
		481EAFAF1DAC6D3F00695C0E /* Base */ = {isa = PBXFileReference; lastKnownFileType = file.storyboard; name = Base; path = Base.lproj/Main.storyboard; sourceTree = "<group>"; };
		481EAFB11DAC6D3F00695C0E /* Assets.xcassets */ = {isa = PBXFileReference; lastKnownFileType = folder.assetcatalog; path = Assets.xcassets; sourceTree = "<group>"; };
		481EAFB41DAC6D3F00695C0E /* Base */ = {isa = PBXFileReference; lastKnownFileType = file.storyboard; name = Base; path = Base.lproj/LaunchScreen.storyboard; sourceTree = "<group>"; };
		481EAFB61DAC6D3F00695C0E /* Info.plist */ = {isa = PBXFileReference; lastKnownFileType = text.plist.xml; path = Info.plist; sourceTree = "<group>"; };
		481EAFBC1DAC6F4A00695C0E /* FriendListViewController.swift */ = {isa = PBXFileReference; fileEncoding = 4; lastKnownFileType = sourcecode.swift; path = FriendListViewController.swift; sourceTree = "<group>"; };
		487D22F91DBC0E10004278CF /* FriendDetailViewController.swift */ = {isa = PBXFileReference; fileEncoding = 4; lastKnownFileType = sourcecode.swift; path = FriendDetailViewController.swift; sourceTree = "<group>"; };
/* End PBXFileReference section */

/* Begin PBXFrameworksBuildPhase section */
		481EAFA41DAC6D3E00695C0E /* Frameworks */ = {
			isa = PBXFrameworksBuildPhase;
			buildActionMask = 2147483647;
			files = (
			);
			runOnlyForDeploymentPostprocessing = 0;
		};
/* End PBXFrameworksBuildPhase section */

/* Begin PBXGroup section */
		481EAF9E1DAC6D3E00695C0E = {
			isa = PBXGroup;
			children = (
				481EAFA91DAC6D3F00695C0E /* Friendbook */,
				481EAFA81DAC6D3F00695C0E /* Products */,
			);
			sourceTree = "<group>";
		};
		481EAFA81DAC6D3F00695C0E /* Products */ = {
			isa = PBXGroup;
			children = (
				481EAFA71DAC6D3F00695C0E /* Friendbook.app */,
			);
			name = Products;
			sourceTree = "<group>";
		};
		481EAFA91DAC6D3F00695C0E /* Friendbook */ = {
			isa = PBXGroup;
			children = (
				481EAFAA1DAC6D3F00695C0E /* AppDelegate.swift */,
				481EAFBC1DAC6F4A00695C0E /* FriendListViewController.swift */,
				487D22F91DBC0E10004278CF /* FriendDetailViewController.swift */,
				481EAFAE1DAC6D3F00695C0E /* Main.storyboard */,
				481EAFB11DAC6D3F00695C0E /* Assets.xcassets */,
				481EAFB31DAC6D3F00695C0E /* LaunchScreen.storyboard */,
				481EAFB61DAC6D3F00695C0E /* Info.plist */,
			);
			path = Friendbook;
			sourceTree = "<group>";
		};
/* End PBXGroup section */

/* Begin PBXNativeTarget section */
		481EAFA61DAC6D3E00695C0E /* Friendbook */ = {
			isa = PBXNativeTarget;
			buildConfigurationList = 481EAFB91DAC6D3F00695C0E /* Build configuration list for PBXNativeTarget "Friendbook" */;
			buildPhases = (
				481EAFA31DAC6D3E00695C0E /* Sources */,
				481EAFA41DAC6D3E00695C0E /* Frameworks */,
				481EAFA51DAC6D3E00695C0E /* Resources */,
			);
			buildRules = (
			);
			dependencies = (
			);
			name = Friendbook;
			productName = Friendbook;
			productReference = 481EAFA71DAC6D3F00695C0E /* Friendbook.app */;
			productType = "com.apple.product-type.application";
		};
/* End PBXNativeTarget section */

/* Begin PBXProject section */
		481EAF9F1DAC6D3E00695C0E /* Project object */ = {
			isa = PBXProject;
			attributes = {
				LastSwiftUpdateCheck = 0800;
				LastUpgradeCheck = 0800;
				ORGANIZATIONNAME = "Jeff Li";
				TargetAttributes = {
					481EAFA61DAC6D3E00695C0E = {
						CreatedOnToolsVersion = 8.0;
						ProvisioningStyle = Automatic;
					};
				};
			};
			buildConfigurationList = 481EAFA21DAC6D3E00695C0E /* Build configuration list for PBXProject "Friendbook" */;
			compatibilityVersion = "Xcode 3.2";
			developmentRegion = English;
			hasScannedForEncodings = 0;
			knownRegions = (
				en,
				Base,
			);
			mainGroup = 481EAF9E1DAC6D3E00695C0E;
			productRefGroup = 481EAFA81DAC6D3F00695C0E /* Products */;
			projectDirPath = "";
			projectRoot = "";
			targets = (
				481EAFA61DAC6D3E00695C0E /* Friendbook */,
			);
		};
/* End PBXProject section */

/* Begin PBXResourcesBuildPhase section */
		481EAFA51DAC6D3E00695C0E /* Resources */ = {
			isa = PBXResourcesBuildPhase;
			buildActionMask = 2147483647;
			files = (
				481EAFB51DAC6D3F00695C0E /* LaunchScreen.storyboard in Resources */,
				481EAFB21DAC6D3F00695C0E /* Assets.xcassets in Resources */,
				481EAFB01DAC6D3F00695C0E /* Main.storyboard in Resources */,
			);
			runOnlyForDeploymentPostprocessing = 0;
		};
/* End PBXResourcesBuildPhase section */

/* Begin PBXSourcesBuildPhase section */
		481EAFA31DAC6D3E00695C0E /* Sources */ = {
			isa = PBXSourcesBuildPhase;
			buildActionMask = 2147483647;
			files = (
				481EAFBD1DAC6F4A00695C0E /* FriendListViewController.swift in Sources */,
				481EAFAB1DAC6D3F00695C0E /* AppDelegate.swift in Sources */,
				487D22FA1DBC0E10004278CF /* FriendDetailViewController.swift in Sources */,
			);
			runOnlyForDeploymentPostprocessing = 0;
		};
/* End PBXSourcesBuildPhase section */

/* Begin PBXVariantGroup section */
		481EAFAE1DAC6D3F00695C0E /* Main.storyboard */ = {
			isa = PBXVariantGroup;
			children = (
				481EAFAF1DAC6D3F00695C0E /* Base */,
			);
			name = Main.storyboard;
			sourceTree = "<group>";
		};
		481EAFB31DAC6D3F00695C0E /* LaunchScreen.storyboard */ = {
			isa = PBXVariantGroup;
			children = (
				481EAFB41DAC6D3F00695C0E /* Base */,
			);
			name = LaunchScreen.storyboard;
			sourceTree = "<group>";
		};
/* End PBXVariantGroup section */

/* Begin XCBuildConfiguration section */
		481EAFB71DAC6D3F00695C0E /* Debug */ = {
			isa = XCBuildConfiguration;
			buildSettings = {
				ALWAYS_SEARCH_USER_PATHS = NO;
				CLANG_ANALYZER_NONNULL = YES;
				CLANG_CXX_LANGUAGE_STANDARD = "gnu++0x";
				CLANG_CXX_LIBRARY = "libc++";
				CLANG_ENABLE_MODULES = YES;
				CLANG_ENABLE_OBJC_ARC = YES;
				CLANG_WARN_BOOL_CONVERSION = YES;
				CLANG_WARN_CONSTANT_CONVERSION = YES;
				CLANG_WARN_DIRECT_OBJC_ISA_USAGE = YES_ERROR;
				CLANG_WARN_DOCUMENTATION_COMMENTS = YES;
				CLANG_WARN_EMPTY_BODY = YES;
				CLANG_WARN_ENUM_CONVERSION = YES;
				CLANG_WARN_INFINITE_RECURSION = YES;
				CLANG_WARN_INT_CONVERSION = YES;
				CLANG_WARN_OBJC_ROOT_CLASS = YES_ERROR;
				CLANG_WARN_SUSPICIOUS_MOVES = YES;
				CLANG_WARN_UNREACHABLE_CODE = YES;
				CLANG_WARN__DUPLICATE_METHOD_MATCH = YES;
				"CODE_SIGN_IDENTITY[sdk=iphoneos*]" = "iPhone Developer";
				COPY_PHASE_STRIP = NO;
				DEBUG_INFORMATION_FORMAT = dwarf;
				ENABLE_STRICT_OBJC_MSGSEND = YES;
				ENABLE_TESTABILITY = YES;
				GCC_C_LANGUAGE_STANDARD = gnu99;
				GCC_DYNAMIC_NO_PIC = NO;
				GCC_NO_COMMON_BLOCKS = YES;
				GCC_OPTIMIZATION_LEVEL = 0;
				GCC_PREPROCESSOR_DEFINITIONS = (
					"DEBUG=1",
					"$(inherited)",
				);
				GCC_WARN_64_TO_32_BIT_CONVERSION = YES;
				GCC_WARN_ABOUT_RETURN_TYPE = YES_ERROR;
				GCC_WARN_UNDECLARED_SELECTOR = YES;
				GCC_WARN_UNINITIALIZED_AUTOS = YES_AGGRESSIVE;
				GCC_WARN_UNUSED_FUNCTION = YES;
				GCC_WARN_UNUSED_VARIABLE = YES;
				IPHONEOS_DEPLOYMENT_TARGET = 10.0;
				MTL_ENABLE_DEBUG_INFO = YES;
				ONLY_ACTIVE_ARCH = YES;
				SDKROOT = iphoneos;
				SWIFT_ACTIVE_COMPILATION_CONDITIONS = DEBUG;
				SWIFT_OPTIMIZATION_LEVEL = "-Onone";
				TARGETED_DEVICE_FAMILY = "1,2";
			};
			name = Debug;
		};
		481EAFB81DAC6D3F00695C0E /* Release */ = {
			isa = XCBuildConfiguration;
			buildSettings = {
				ALWAYS_SEARCH_USER_PATHS = NO;
				CLANG_ANALYZER_NONNULL = YES;
				CLANG_CXX_LANGUAGE_STANDARD = "gnu++0x";
				CLANG_CXX_LIBRARY = "libc++";
				CLANG_ENABLE_MODULES = YES;
				CLANG_ENABLE_OBJC_ARC = YES;
				CLANG_WARN_BOOL_CONVERSION = YES;
				CLANG_WARN_CONSTANT_CONVERSION = YES;
				CLANG_WARN_DIRECT_OBJC_ISA_USAGE = YES_ERROR;
				CLANG_WARN_DOCUMENTATION_COMMENTS = YES;
				CLANG_WARN_EMPTY_BODY = YES;
				CLANG_WARN_ENUM_CONVERSION = YES;
				CLANG_WARN_INFINITE_RECURSION = YES;
				CLANG_WARN_INT_CONVERSION = YES;
				CLANG_WARN_OBJC_ROOT_CLASS = YES_ERROR;
				CLANG_WARN_SUSPICIOUS_MOVES = YES;
				CLANG_WARN_UNREACHABLE_CODE = YES;
				CLANG_WARN__DUPLICATE_METHOD_MATCH = YES;
				"CODE_SIGN_IDENTITY[sdk=iphoneos*]" = "iPhone Developer";
				COPY_PHASE_STRIP = NO;
				DEBUG_INFORMATION_FORMAT = "dwarf-with-dsym";
				ENABLE_NS_ASSERTIONS = NO;
				ENABLE_STRICT_OBJC_MSGSEND = YES;
				GCC_C_LANGUAGE_STANDARD = gnu99;
				GCC_NO_COMMON_BLOCKS = YES;
				GCC_WARN_64_TO_32_BIT_CONVERSION = YES;
				GCC_WARN_ABOUT_RETURN_TYPE = YES_ERROR;
				GCC_WARN_UNDECLARED_SELECTOR = YES;
				GCC_WARN_UNINITIALIZED_AUTOS = YES_AGGRESSIVE;
				GCC_WARN_UNUSED_FUNCTION = YES;
				GCC_WARN_UNUSED_VARIABLE = YES;
				IPHONEOS_DEPLOYMENT_TARGET = 10.0;
				MTL_ENABLE_DEBUG_INFO = NO;
				SDKROOT = iphoneos;
				SWIFT_OPTIMIZATION_LEVEL = "-Owholemodule";
				TARGETED_DEVICE_FAMILY = "1,2";
				VALIDATE_PRODUCT = YES;
			};
			name = Release;
		};
		481EAFBA1DAC6D3F00695C0E /* Debug */ = {
			isa = XCBuildConfiguration;
			buildSettings = {
				ASSETCATALOG_COMPILER_APPICON_NAME = AppIcon;
				INFOPLIST_FILE = Friendbook/Info.plist;
				LD_RUNPATH_SEARCH_PATHS = "$(inherited) @executable_path/Frameworks";
				PRODUCT_BUNDLE_IDENTIFIER = projects.jeff.Friendbook;
				PRODUCT_NAME = "$(TARGET_NAME)";
				SWIFT_VERSION = 3.0;
			};
			name = Debug;
		};
		481EAFBB1DAC6D3F00695C0E /* Release */ = {
			isa = XCBuildConfiguration;
			buildSettings = {
				ASSETCATALOG_COMPILER_APPICON_NAME = AppIcon;
				INFOPLIST_FILE = Friendbook/Info.plist;
				LD_RUNPATH_SEARCH_PATHS = "$(inherited) @executable_path/Frameworks";
				PRODUCT_BUNDLE_IDENTIFIER = projects.jeff.Friendbook;
				PRODUCT_NAME = "$(TARGET_NAME)";
				SWIFT_VERSION = 3.0;
			};
			name = Release;
		};
/* End XCBuildConfiguration section */

/* Begin XCConfigurationList section */
		481EAFA21DAC6D3E00695C0E /* Build configuration list for PBXProject "Friendbook" */ = {
			isa = XCConfigurationList;
			buildConfigurations = (
				481EAFB71DAC6D3F00695C0E /* Debug */,
				481EAFB81DAC6D3F00695C0E /* Release */,
			);
			defaultConfigurationIsVisible = 0;
			defaultConfigurationName = Release;
		};
		481EAFB91DAC6D3F00695C0E /* Build configuration list for PBXNativeTarget "Friendbook" */ = {
			isa = XCConfigurationList;
			buildConfigurations = (
				481EAFBA1DAC6D3F00695C0E /* Debug */,
				481EAFBB1DAC6D3F00695C0E /* Release */,
			);
			defaultConfigurationIsVisible = 0;
			defaultConfigurationName = Release;
		};
/* End XCConfigurationList section */
	};
	rootObject = 481EAF9F1DAC6D3E00695C0E /* Project object */;
}
